// !$*UTF8*$!
{
	archiveVersion = 1;
	classes = {
	};
	objectVersion = 70;
	objects = {

/* Begin PBXBuildFile section */
		CC510001A0050001DEADBEEF /* ColorSimilarityService.swift in Sources */ = {isa = PBXBuildFile; fileRef = CC510001A0050002DEADBEEF /* ColorSimilarityService.swift */; };
		DD0A1B01A0060001DEADBEEF /* DeductionItemRow.swift in Sources */ = {isa = PBXBuildFile; fileRef = DD0A1B01A0060002DEADBEEF /* DeductionItemRow.swift */; };
		EE0B2C01A0070001DEADBEEF /* SimilarColorSheet.swift in Sources */ = {isa = PBXBuildFile; fileRef = EE0B2C01A0070002DEADBEEF /* SimilarColorSheet.swift */; };
		DE0D1C01A0050001DEADBEEF /* DeductionItem.swift in Sources */ = {isa = PBXBuildFile; fileRef = DE0D1C01A0050002DEADBEEF /* DeductionItem.swift */; };
		DE0D1C03A0050001DEADBEEF /* DeductionResolver.swift in Sources */ = {isa = PBXBuildFile; fileRef = DE0D1C03A0050002DEADBEEF /* DeductionResolver.swift */; };
		A1BA6000BAA242C797A1967F /* HelpCenterView.swift in Sources */ = {isa = PBXBuildFile; fileRef = C5573A291D954C97BD8955A5 /* HelpCenterView.swift */; };
		4E228907D2F847A9AC5C12D1 /* TutorialDetailView.swift in Sources */ = {isa = PBXBuildFile; fileRef = 4CC5DB3B1DAD44CD8E0D1717 /* TutorialDetailView.swift */; };
		BACDA9EDBD274C6A9923F797 /* FAQView.swift in Sources */ = {isa = PBXBuildFile; fileRef = 101C8A44E38F4E17BB2A00F3 /* FAQView.swift */; };
		3392EC89359E462CBEC9ED32 /* TutorialContent.swift in Sources */ = {isa = PBXBuildFile; fileRef = EF254CDDEE254F02A6DD1202 /* TutorialContent.swift */; };
		D4FCE1C30D304A57B50A43F1 /* AppTips.swift in Sources */ = {isa = PBXBuildFile; fileRef = 244719AA237A40FF87FA38A4 /* AppTips.swift */; };
		937EF9B644E743C2A9AC8A78 /* EmptyStateView.swift in Sources */ = {isa = PBXBuildFile; fileRef = 9C23995DEFC5411C9C4AD56C /* EmptyStateView.swift */; };
		3806E5062F00F94200187AA7 /* AddInventoryView.swift in Sources */ = {isa = PBXBuildFile; fileRef = 3806E5052F00F94200187AA7 /* AddInventoryView.swift */; };
		3806E50A2F00FB3900187AA7 /* InfoPlist.strings in Resources */ = {isa = PBXBuildFile; fileRef = 3806E5082F00FB3900187AA7 /* InfoPlist.strings */; };
		3806E50E2F00FB4300187AA7 /* InfoPlist.strings in Resources */ = {isa = PBXBuildFile; fileRef = 3806E50C2F00FB4300187AA7 /* InfoPlist.strings */; };
		39AA00012F5000010099AA01 /* AppLogger.swift in Sources */ = {isa = PBXBuildFile; fileRef = 39AA00022F5000010099AA01 /* AppLogger.swift */; };
		39AA00032F5000010099AA01 /* AppBackgroundTaskManager.swift in Sources */ = {isa = PBXBuildFile; fileRef = 39AA00042F5000010099AA01 /* AppBackgroundTaskManager.swift */; };
		386ECBFC2F332DB600BD92E8 /* BackupManager.swift in Sources */ = {isa = PBXBuildFile; fileRef = 386ECBFB2F332DB600BD92E8 /* BackupManager.swift */; };
		386ECBFA2F332DB600BD92E8 /* AnnouncementManager.swift in Sources */ = {isa = PBXBuildFile; fileRef = 386ECBF92F332DB600BD92E8 /* AnnouncementManager.swift */; };
		386ECBFE2F332E1500BD92E8 /* BackupRestoreView.swift in Sources */ = {isa = PBXBuildFile; fileRef = 386ECBFD2F332E1500BD92E8 /* BackupRestoreView.swift */; };
		38B1A0012F01000100000001 /* Brand.swift in Sources */ = {isa = PBXBuildFile; fileRef = 38B1A0012F01000100000011 /* Brand.swift */; };
		38B1A0012F01000100000002 /* BrandStock.swift in Sources */ = {isa = PBXBuildFile; fileRef = 38B1A0012F01000100000012 /* BrandStock.swift */; };
		38B1A0012F01000100000003 /* DataMigration.swift in Sources */ = {isa = PBXBuildFile; fileRef = 38B1A0012F01000100000013 /* DataMigration.swift */; };
		38B1A0012F01000100000004 /* BrandPicker.swift in Sources */ = {isa = PBXBuildFile; fileRef = 38B1A0012F01000100000014 /* BrandPicker.swift */; };
		38B1A0012F01000100000005 /* BrandManagerView.swift in Sources */ = {isa = PBXBuildFile; fileRef = 38B1A0012F01000100000015 /* BrandManagerView.swift */; };
		38B1A0012F01000100000006 /* BrandSettingsView.swift in Sources */ = {isa = PBXBuildFile; fileRef = 38B1A0012F01000100000016 /* BrandSettingsView.swift */; };
		38B1A0012F01000100000007 /* AboutView.swift in Sources */ = {isa = PBXBuildFile; fileRef = 38B1A0012F01000100000017 /* AboutView.swift */; };
		38B1A0012F01000100000008 /* AppIconView.swift in Sources */ = {isa = PBXBuildFile; fileRef = 38B1A0012F01000100000018 /* AppIconView.swift */; };
		38B1A0012F01000100000009 /* SwiftDataModels.swift in Sources */ = {isa = PBXBuildFile; fileRef = 38B1A0012F01000100000019 /* SwiftDataModels.swift */; };
		38B1A0012F0100010000000A /* ProjectDetailView.swift in Sources */ = {isa = PBXBuildFile; fileRef = 38B1A0012F0100010000001A /* ProjectDetailView.swift */; };
		38B1A0012F0100010000000B /* PlannedProjectsView.swift in Sources */ = {isa = PBXBuildFile; fileRef = 38B1A0012F0100010000001B /* PlannedProjectsView.swift */; };
		38B1A0012F0100010000000C /* MoreView.swift in Sources */ = {isa = PBXBuildFile; fileRef = 38B1A0012F0100010000001C /* MoreView.swift */; };
		38B1A0012F0100010000000D /* HistoryRecord.swift in Sources */ = {isa = PBXBuildFile; fileRef = 38B1A0012F01000100000021 /* HistoryRecord.swift */; };
		38B1A0012F0100010000000E /* HistoryManager.swift in Sources */ = {isa = PBXBuildFile; fileRef = 38B1A0012F01000100000022 /* HistoryManager.swift */; };
		38B1A0012F0100010000000F /* HistoryView.swift in Sources */ = {isa = PBXBuildFile; fileRef = 38B1A0012F01000100000023 /* HistoryView.swift */; };
		38B1A0012F01000100000030 /* HiddenColorsManageView.swift in Sources */ = {isa = PBXBuildFile; fileRef = 38B1A0012F01000100000031 /* HiddenColorsManageView.swift */; };
		38B1A0012F01000100000040 /* ColorPresets.swift in Sources */ = {isa = PBXBuildFile; fileRef = 38B1A0012F01000100000041 /* ColorPresets.swift */; };
		38B1A0012F01000100000042 /* AddBrandView.swift in Sources */ = {isa = PBXBuildFile; fileRef = 38B1A0012F01000100000043 /* AddBrandView.swift */; };
		38B1A0012F01000100000044 /* ColorSelectionView.swift in Sources */ = {isa = PBXBuildFile; fileRef = 38B1A0012F01000100000045 /* ColorSelectionView.swift */; };
		38B1A0012F01000100000046 /* SwiftDataMigration.swift in Sources */ = {isa = PBXBuildFile; fileRef = 38B1A0012F01000100000047 /* SwiftDataMigration.swift */; };
		38B1A0012F01000100000050 /* ColorSystem.swift in Sources */ = {isa = PBXBuildFile; fileRef = 38B1A0012F01000100000051 /* ColorSystem.swift */; };
		38B1A0012F01000100000048 /* CSVImporter.swift in Sources */ = {isa = PBXBuildFile; fileRef = 38B1A0012F01000100000049 /* CSVImporter.swift */; };
		38B1A0012F0100010000004A /* ImportStockView.swift in Sources */ = {isa = PBXBuildFile; fileRef = 38B1A0012F0100010000004B /* ImportStockView.swift */; };
		38FA2CDA2F2482A300912E02 /* ImportFullDataView.swift in Sources */ = {isa = PBXBuildFile; fileRef = 38FA2CD92F2482A300912E02 /* ImportFullDataView.swift */; };
		38FA2CDD2F25B67200912E02 /* CustomColorEditView.swift in Sources */ = {isa = PBXBuildFile; fileRef = 38FA2CDB2F25B67200912E02 /* CustomColorEditView.swift */; };
		38FA2CDE2F25B67200912E02 /* CustomColorsView.swift in Sources */ = {isa = PBXBuildFile; fileRef = 38FA2CDC2F25B67200912E02 /* CustomColorsView.swift */; };
		38FA2CDF2F25B67300912E02 /* CustomColor.swift in Sources */ = {isa = PBXBuildFile; fileRef = 38FA2CE02F25B67300912E02 /* CustomColor.swift */; };
		38FA2CE12F25B67400912E02 /* CalendarView.swift in Sources */ = {isa = PBXBuildFile; fileRef = 38FA2CE22F25B67400912E02 /* CalendarView.swift */; };
		38FA2CE32F26A00000912E02 /* ShippingView.swift in Sources */ = {isa = PBXBuildFile; fileRef = 38FA2CE42F26A00000912E02 /* ShippingView.swift */; };
		38FA2CED2F274B2900912E02 /* ShareExtension.appex in Embed Foundation Extensions */ = {isa = PBXBuildFile; fileRef = 38FA2CE32F274B2900912E02 /* ShareExtension.appex */; settings = {ATTRIBUTES = (RemoveHeadersOnCopy, ); }; };
		38FA2CF72F274C4000912E02 /* SharedImageManager.swift in Sources */ = {isa = PBXBuildFile; fileRef = 38FA2CF62F274C4000912E02 /* SharedImageManager.swift */; };
		D10000000000000000000001 /* MLXLMCommon in Frameworks */ = {isa = PBXBuildFile; productRef = D10000000000000000000021 /* MLXLMCommon */; };
		D10000000000000000000002 /* MLXVLM in Frameworks */ = {isa = PBXBuildFile; productRef = D10000000000000000000022 /* MLXVLM */; };
		D10000000000000000000003 /* Hub in Frameworks */ = {isa = PBXBuildFile; productRef = D10000000000000000000023 /* Hub */; };
		A01234560001 /* BeadInventoryApp.swift in Sources */ = {isa = PBXBuildFile; fileRef = A01234560011 /* BeadInventoryApp.swift */; };
		A01234560002 /* ContentView.swift in Sources */ = {isa = PBXBuildFile; fileRef = A01234560012 /* ContentView.swift */; };
		A01234560003 /* Assets.xcassets in Resources */ = {isa = PBXBuildFile; fileRef = A01234560013 /* Assets.xcassets */; };
		A01234560004 /* BeadColor.swift in Sources */ = {isa = PBXBuildFile; fileRef = A01234560014 /* BeadColor.swift */; };
		A01234560005 /* InventoryManager.swift in Sources */ = {isa = PBXBuildFile; fileRef = A01234560015 /* InventoryManager.swift */; };
		A01234560006 /* OCRManager.swift in Sources */ = {isa = PBXBuildFile; fileRef = A01234560016 /* OCRManager.swift */; };
		A01234560007 /* InventoryView.swift in Sources */ = {isa = PBXBuildFile; fileRef = A01234560017 /* InventoryView.swift */; };
		A01234560008 /* ScanView.swift in Sources */ = {isa = PBXBuildFile; fileRef = A01234560018 /* ScanView.swift */; };
		A01234560009 /* ColorConverterView.swift in Sources */ = {isa = PBXBuildFile; fileRef = A01234560019 /* ColorConverterView.swift */; };
		A0123456000A /* StatisticsView.swift in Sources */ = {isa = PBXBuildFile; fileRef = A0123456001A /* StatisticsView.swift */; };
		A0123456000B /* SettingsView.swift in Sources */ = {isa = PBXBuildFile; fileRef = A0123456001B /* SettingsView.swift */; };
		A0123456000C /* AIService.swift in Sources */ = {isa = PBXBuildFile; fileRef = A0123456001C /* AIService.swift */; };
		38B1A0012F01000100000053 /* colorwithkaka.csv in Resources */ = {isa = PBXBuildFile; fileRef = 38B1A0012F01000100000052 /* colorwithkaka.csv */; };
		38B1A0012F01000100000055 /* allcolors.json in Resources */ = {isa = PBXBuildFile; fileRef = 38B1A0012F01000100000054 /* allcolors.json */; };
		38B1A0012F01000100000061 /* Localizable.xcstrings in Resources */ = {isa = PBXBuildFile; fileRef = 38B1A0012F01000100000060 /* Localizable.xcstrings */; };
		6EC4A1187CBB489B83C6E6559E6BABBA /* LowStockDetailView.swift in Sources */ = {isa = PBXBuildFile; fileRef = 6EC4A1187CBB489B83C6E6559E6BABBB /* LowStockDetailView.swift */; };
/* End PBXBuildFile section */

/* Begin PBXContainerItemProxy section */
		38FA2CEB2F274B2900912E02 /* PBXContainerItemProxy */ = {
			isa = PBXContainerItemProxy;
			containerPortal = A01234560060 /* Project object */;
			proxyType = 1;
			remoteGlobalIDString = 38FA2CE22F274B2900912E02;
			remoteInfo = ShareExtension;
		};
/* End PBXContainerItemProxy section */

/* Begin PBXCopyFilesBuildPhase section */
		38FA2CEE2F274B2900912E02 /* Embed Foundation Extensions */ = {
			isa = PBXCopyFilesBuildPhase;
			buildActionMask = 2147483647;
			dstPath = "";
			dstSubfolderSpec = 13;
			files = (
				38FA2CED2F274B2900912E02 /* ShareExtension.appex in Embed Foundation Extensions */,
			);
			name = "Embed Foundation Extensions";
			runOnlyForDeploymentPostprocessing = 0;
		};
/* End PBXCopyFilesBuildPhase section */

/* Begin PBXFileReference section */
		DE0D1C01A0050002DEADBEEF /* DeductionItem.swift */ = {isa = PBXFileReference; lastKnownFileType = sourcecode.swift; path = DeductionItem.swift; sourceTree = "<group>"; };
		DE0D1C03A0050002DEADBEEF /* DeductionResolver.swift */ = {isa = PBXFileReference; lastKnownFileType = sourcecode.swift; path = DeductionResolver.swift; sourceTree = "<group>"; };
		C5573A291D954C97BD8955A5 /* HelpCenterView.swift */ = {isa = PBXFileReference; lastKnownFileType = sourcecode.swift; path = HelpCenterView.swift; sourceTree = "<group>"; };
		4CC5DB3B1DAD44CD8E0D1717 /* TutorialDetailView.swift */ = {isa = PBXFileReference; lastKnownFileType = sourcecode.swift; path = TutorialDetailView.swift; sourceTree = "<group>"; };
		101C8A44E38F4E17BB2A00F3 /* FAQView.swift */ = {isa = PBXFileReference; lastKnownFileType = sourcecode.swift; path = FAQView.swift; sourceTree = "<group>"; };
		EF254CDDEE254F02A6DD1202 /* TutorialContent.swift */ = {isa = PBXFileReference; lastKnownFileType = sourcecode.swift; path = TutorialContent.swift; sourceTree = "<group>"; };
		244719AA237A40FF87FA38A4 /* AppTips.swift */ = {isa = PBXFileReference; lastKnownFileType = sourcecode.swift; path = AppTips.swift; sourceTree = "<group>"; };
		9C23995DEFC5411C9C4AD56C /* EmptyStateView.swift */ = {isa = PBXFileReference; lastKnownFileType = sourcecode.swift; path = EmptyStateView.swift; sourceTree = "<group>"; };
		3806E5052F00F94200187AA7 /* AddInventoryView.swift */ = {isa = PBXFileReference; lastKnownFileType = sourcecode.swift; path = AddInventoryView.swift; sourceTree = "<group>"; };
		3806E5072F00FB3900187AA7 /* zh-Hans */ = {isa = PBXFileReference; lastKnownFileType = text.plist.strings; name = "zh-Hans"; path = InfoPlist.strings; sourceTree = "<group>"; };
		3806E50B2F00FB4300187AA7 /* en */ = {isa = PBXFileReference; lastKnownFileType = text.plist.strings; name = en; path = InfoPlist.strings; sourceTree = "<group>"; };
		39AA00022F5000010099AA01 /* AppLogger.swift */ = {isa = PBXFileReference; lastKnownFileType = sourcecode.swift; path = AppLogger.swift; sourceTree = "<group>"; };
		39AA00042F5000010099AA01 /* AppBackgroundTaskManager.swift */ = {isa = PBXFileReference; lastKnownFileType = sourcecode.swift; path = AppBackgroundTaskManager.swift; sourceTree = "<group>"; };
		386ECBFB2F332DB600BD92E8 /* BackupManager.swift */ = {isa = PBXFileReference; lastKnownFileType = sourcecode.swift; path = BackupManager.swift; sourceTree = "<group>"; };
		386ECBF92F332DB600BD92E8 /* AnnouncementManager.swift */ = {isa = PBXFileReference; lastKnownFileType = sourcecode.swift; path = AnnouncementManager.swift; sourceTree = "<group>"; };
		386ECBFD2F332E1500BD92E8 /* BackupRestoreView.swift */ = {isa = PBXFileReference; lastKnownFileType = sourcecode.swift; path = BackupRestoreView.swift; sourceTree = "<group>"; };
		38B1A0012F01000100000011 /* Brand.swift */ = {isa = PBXFileReference; lastKnownFileType = sourcecode.swift; path = Brand.swift; sourceTree = "<group>"; };
		38B1A0012F01000100000012 /* BrandStock.swift */ = {isa = PBXFileReference; lastKnownFileType = sourcecode.swift; path = BrandStock.swift; sourceTree = "<group>"; };
		38B1A0012F01000100000013 /* DataMigration.swift */ = {isa = PBXFileReference; lastKnownFileType = sourcecode.swift; path = DataMigration.swift; sourceTree = "<group>"; };
		38B1A0012F01000100000014 /* BrandPicker.swift */ = {isa = PBXFileReference; lastKnownFileType = sourcecode.swift; path = BrandPicker.swift; sourceTree = "<group>"; };
		38B1A0012F01000100000015 /* BrandManagerView.swift */ = {isa = PBXFileReference; lastKnownFileType = sourcecode.swift; path = BrandManagerView.swift; sourceTree = "<group>"; };
		38B1A0012F01000100000016 /* BrandSettingsView.swift */ = {isa = PBXFileReference; lastKnownFileType = sourcecode.swift; path = BrandSettingsView.swift; sourceTree = "<group>"; };
		38B1A0012F01000100000017 /* AboutView.swift */ = {isa = PBXFileReference; lastKnownFileType = sourcecode.swift; path = AboutView.swift; sourceTree = "<group>"; };
		38B1A0012F01000100000018 /* AppIconView.swift */ = {isa = PBXFileReference; lastKnownFileType = sourcecode.swift; path = AppIconView.swift; sourceTree = "<group>"; };
		38B1A0012F01000100000019 /* SwiftDataModels.swift */ = {isa = PBXFileReference; lastKnownFileType = sourcecode.swift; path = SwiftDataModels.swift; sourceTree = "<group>"; };
		38B1A0012F0100010000001A /* ProjectDetailView.swift */ = {isa = PBXFileReference; lastKnownFileType = sourcecode.swift; path = ProjectDetailView.swift; sourceTree = "<group>"; };
		38B1A0012F0100010000001B /* PlannedProjectsView.swift */ = {isa = PBXFileReference; lastKnownFileType = sourcecode.swift; path = PlannedProjectsView.swift; sourceTree = "<group>"; };
		38B1A0012F0100010000001C /* MoreView.swift */ = {isa = PBXFileReference; lastKnownFileType = sourcecode.swift; path = MoreView.swift; sourceTree = "<group>"; };
		38B1A0012F01000100000021 /* HistoryRecord.swift */ = {isa = PBXFileReference; lastKnownFileType = sourcecode.swift; path = HistoryRecord.swift; sourceTree = "<group>"; };
		38B1A0012F01000100000022 /* HistoryManager.swift */ = {isa = PBXFileReference; lastKnownFileType = sourcecode.swift; path = HistoryManager.swift; sourceTree = "<group>"; };
		38B1A0012F01000100000023 /* HistoryView.swift */ = {isa = PBXFileReference; lastKnownFileType = sourcecode.swift; path = HistoryView.swift; sourceTree = "<group>"; };
		38B1A0012F01000100000031 /* HiddenColorsManageView.swift */ = {isa = PBXFileReference; lastKnownFileType = sourcecode.swift; path = HiddenColorsManageView.swift; sourceTree = "<group>"; };
		38B1A0012F01000100000041 /* ColorPresets.swift */ = {isa = PBXFileReference; lastKnownFileType = sourcecode.swift; path = ColorPresets.swift; sourceTree = "<group>"; };
		38B1A0012F01000100000043 /* AddBrandView.swift */ = {isa = PBXFileReference; lastKnownFileType = sourcecode.swift; path = AddBrandView.swift; sourceTree = "<group>"; };
		38B1A0012F01000100000045 /* ColorSelectionView.swift */ = {isa = PBXFileReference; lastKnownFileType = sourcecode.swift; path = ColorSelectionView.swift; sourceTree = "<group>"; };
		38B1A0012F01000100000047 /* SwiftDataMigration.swift */ = {isa = PBXFileReference; lastKnownFileType = sourcecode.swift; path = SwiftDataMigration.swift; sourceTree = "<group>"; };
		38B1A0012F01000100000051 /* ColorSystem.swift */ = {isa = PBXFileReference; lastKnownFileType = sourcecode.swift; path = ColorSystem.swift; sourceTree = "<group>"; };
		38B1A0012F01000100000049 /* CSVImporter.swift */ = {isa = PBXFileReference; lastKnownFileType = sourcecode.swift; path = CSVImporter.swift; sourceTree = "<group>"; };
		38B1A0012F0100010000004B /* ImportStockView.swift */ = {isa = PBXFileReference; lastKnownFileType = sourcecode.swift; path = ImportStockView.swift; sourceTree = "<group>"; };
		38FA2CD92F2482A300912E02 /* ImportFullDataView.swift */ = {isa = PBXFileReference; lastKnownFileType = sourcecode.swift; path = ImportFullDataView.swift; sourceTree = "<group>"; };
		38FA2CDB2F25B67200912E02 /* CustomColorEditView.swift */ = {isa = PBXFileReference; lastKnownFileType = sourcecode.swift; path = CustomColorEditView.swift; sourceTree = "<group>"; };
		38FA2CDC2F25B67200912E02 /* CustomColorsView.swift */ = {isa = PBXFileReference; lastKnownFileType = sourcecode.swift; path = CustomColorsView.swift; sourceTree = "<group>"; };
		38FA2CE02F25B67300912E02 /* CustomColor.swift */ = {isa = PBXFileReference; lastKnownFileType = sourcecode.swift; path = CustomColor.swift; sourceTree = "<group>"; };
		38FA2CE22F25B67400912E02 /* CalendarView.swift */ = {isa = PBXFileReference; lastKnownFileType = sourcecode.swift; path = CalendarView.swift; sourceTree = "<group>"; };
		38FA2CE32F274B2900912E02 /* ShareExtension.appex */ = {isa = PBXFileReference; explicitFileType = "wrapper.app-extension"; includeInIndex = 0; path = ShareExtension.appex; sourceTree = BUILT_PRODUCTS_DIR; };
		38FA2CE42F26A00000912E02 /* ShippingView.swift */ = {isa = PBXFileReference; lastKnownFileType = sourcecode.swift; path = ShippingView.swift; sourceTree = "<group>"; };
		CC510001A0050002DEADBEEF /* ColorSimilarityService.swift */ = {isa = PBXFileReference; lastKnownFileType = sourcecode.swift; path = ColorSimilarityService.swift; sourceTree = "<group>"; };
		DD0A1B01A0060002DEADBEEF /* DeductionItemRow.swift */ = {isa = PBXFileReference; lastKnownFileType = sourcecode.swift; path = DeductionItemRow.swift; sourceTree = "<group>"; };
		EE0B2C01A0070002DEADBEEF /* SimilarColorSheet.swift */ = {isa = PBXFileReference; lastKnownFileType = sourcecode.swift; path = SimilarColorSheet.swift; sourceTree = "<group>"; };
		38FA2CF62F274C4000912E02 /* SharedImageManager.swift */ = {isa = PBXFileReference; lastKnownFileType = sourcecode.swift; path = SharedImageManager.swift; sourceTree = "<group>"; };
		38FA2CF82F274D5200912E02 /* BeadInventory.entitlements */ = {isa = PBXFileReference; lastKnownFileType = text.plist.entitlements; path = BeadInventory.entitlements; sourceTree = "<group>"; };
		A01234560010 /* BeadInventory.app */ = {isa = PBXFileReference; explicitFileType = wrapper.application; includeInIndex = 0; path = BeadInventory.app; sourceTree = BUILT_PRODUCTS_DIR; };
		A01234560011 /* BeadInventoryApp.swift */ = {isa = PBXFileReference; lastKnownFileType = sourcecode.swift; path = BeadInventoryApp.swift; sourceTree = "<group>"; };
		A01234560012 /* ContentView.swift */ = {isa = PBXFileReference; lastKnownFileType = sourcecode.swift; path = ContentView.swift; sourceTree = "<group>"; };
		A01234560013 /* Assets.xcassets */ = {isa = PBXFileReference; lastKnownFileType = folder.assetcatalog; path = Assets.xcassets; sourceTree = "<group>"; };
		A01234560014 /* BeadColor.swift */ = {isa = PBXFileReference; lastKnownFileType = sourcecode.swift; path = BeadColor.swift; sourceTree = "<group>"; };
		A01234560015 /* InventoryManager.swift */ = {isa = PBXFileReference; lastKnownFileType = sourcecode.swift; path = InventoryManager.swift; sourceTree = "<group>"; };
		A01234560016 /* OCRManager.swift */ = {isa = PBXFileReference; lastKnownFileType = sourcecode.swift; path = OCRManager.swift; sourceTree = "<group>"; };
		A01234560017 /* InventoryView.swift */ = {isa = PBXFileReference; lastKnownFileType = sourcecode.swift; path = InventoryView.swift; sourceTree = "<group>"; };
		A01234560018 /* ScanView.swift */ = {isa = PBXFileReference; lastKnownFileType = sourcecode.swift; path = ScanView.swift; sourceTree = "<group>"; };
		A01234560019 /* ColorConverterView.swift */ = {isa = PBXFileReference; lastKnownFileType = sourcecode.swift; path = ColorConverterView.swift; sourceTree = "<group>"; };
		A0123456001A /* StatisticsView.swift */ = {isa = PBXFileReference; lastKnownFileType = sourcecode.swift; path = StatisticsView.swift; sourceTree = "<group>"; };
		A0123456001B /* SettingsView.swift */ = {isa = PBXFileReference; lastKnownFileType = sourcecode.swift; path = SettingsView.swift; sourceTree = "<group>"; };
		A0123456001C /* AIService.swift */ = {isa = PBXFileReference; lastKnownFileType = sourcecode.swift; path = AIService.swift; sourceTree = "<group>"; };
		38B1A0012F01000100000052 /* colorwithkaka.csv */ = {isa = PBXFileReference; lastKnownFileType = text; path = colorwithkaka.csv; sourceTree = "<group>"; };
		38B1A0012F01000100000054 /* allcolors.json */ = {isa = PBXFileReference; lastKnownFileType = text.json; path = allcolors.json; sourceTree = "<group>"; };
		38B1A0012F01000100000060 /* Localizable.xcstrings */ = {isa = PBXFileReference; lastKnownFileType = text.json.xcstrings; path = Localizable.xcstrings; sourceTree = "<group>"; };
		6EC4A1187CBB489B83C6E6559E6BABBB /* LowStockDetailView.swift */ = {isa = PBXFileReference; lastKnownFileType = sourcecode.swift; path = LowStockDetailView.swift; sourceTree = "<group>"; };
/* End PBXFileReference section */

/* Begin PBXFileSystemSynchronizedBuildFileExceptionSet section */
		38FA2CF12F274B2900912E02 /* PBXFileSystemSynchronizedBuildFileExceptionSet */ = {
			isa = PBXFileSystemSynchronizedBuildFileExceptionSet;
			membershipExceptions = (
				Info.plist,
			);
			target = 38FA2CE22F274B2900912E02 /* ShareExtension */;
		};
/* End PBXFileSystemSynchronizedBuildFileExceptionSet section */

/* Begin PBXFileSystemSynchronizedRootGroup section */
		38FA2CE42F274B2900912E02 /* ShareExtension */ = {isa = PBXFileSystemSynchronizedRootGroup; exceptions = (38FA2CF12F274B2900912E02 /* PBXFileSystemSynchronizedBuildFileExceptionSet */, ); explicitFileTypes = {}; explicitFolders = (); path = ShareExtension; sourceTree = "<group>"; };
/* End PBXFileSystemSynchronizedRootGroup section */

/* Begin PBXFrameworksBuildPhase section */
		38FA2CE02F274B2900912E02 /* Frameworks */ = {
			isa = PBXFrameworksBuildPhase;
			buildActionMask = 2147483647;
			files = (
			);
			runOnlyForDeploymentPostprocessing = 0;
		};
		A01234560020 /* Frameworks */ = {
			isa = PBXFrameworksBuildPhase;
			buildActionMask = 2147483647;
			files = (
				D10000000000000000000003 /* Hub in Frameworks */,
				D10000000000000000000001 /* MLXLMCommon in Frameworks */,
				D10000000000000000000002 /* MLXVLM in Frameworks */,
			);
			runOnlyForDeploymentPostprocessing = 0;
		};
/* End PBXFrameworksBuildPhase section */

/* Begin PBXGroup section */
		3806E5092F00FB3900187AA7 /* zh-Hans.lproj */ = {
			isa = PBXGroup;
			children = (
				3806E5082F00FB3900187AA7 /* InfoPlist.strings */,
			);
			path = "zh-Hans.lproj";
			sourceTree = "<group>";
		};
		3806E50D2F00FB4300187AA7 /* en.lproj */ = {
			isa = PBXGroup;
			children = (
				3806E50C2F00FB4300187AA7 /* InfoPlist.strings */,
			);
			path = en.lproj;
			sourceTree = "<group>";
		};
		38B1A0012F01000100000020 /* Components */ = {
			isa = PBXGroup;
			children = (
				9C23995DEFC5411C9C4AD56C /* EmptyStateView.swift */,
				38B1A0012F01000100000014 /* BrandPicker.swift */,
				DD0A1B01A0060002DEADBEEF /* DeductionItemRow.swift */,
				EE0B2C01A0070002DEADBEEF /* SimilarColorSheet.swift */,
			);
			path = Components;
			sourceTree = "<group>";
		};
		A01234560030 = {
			isa = PBXGroup;
			children = (
				A01234560031 /* BeadInventory */,
				38FA2CE42F274B2900912E02 /* ShareExtension */,
				A01234560032 /* Products */,
			);
			sourceTree = "<group>";
		};
		A01234560031 /* BeadInventory */ = {
			isa = PBXGroup;
			children = (
				38FA2CF82F274D5200912E02 /* BeadInventory.entitlements */,
				3806E50D2F00FB4300187AA7 /* en.lproj */,
				3806E5092F00FB3900187AA7 /* zh-Hans.lproj */,
				A01234560011 /* BeadInventoryApp.swift */,
				A01234560012 /* ContentView.swift */,
				A01234560033 /* Models */,
				A01234560034 /* Managers */,
				A01234560035 /* Views */,
				A01234560013 /* Assets.xcassets */,
				38B1A0012F01000100000052 /* colorwithkaka.csv */,
				38B1A0012F01000100000054 /* allcolors.json */,
				38B1A0012F01000100000060 /* Localizable.xcstrings */,
			);
			path = BeadInventory;
			sourceTree = "<group>";
		};
		A01234560032 /* Products */ = {
			isa = PBXGroup;
			children = (
				A01234560010 /* BeadInventory.app */,
				38FA2CE32F274B2900912E02 /* ShareExtension.appex */,
			);
			name = Products;
			sourceTree = "<group>";
		};
		A01234560033 /* Models */ = {
			isa = PBXGroup;
			children = (
				A01234560014 /* BeadColor.swift */,
				DE0D1C01A0050002DEADBEEF /* DeductionItem.swift */,
				38B1A0012F01000100000011 /* Brand.swift */,
				38B1A0012F01000100000012 /* BrandStock.swift */,
				38B1A0012F01000100000041 /* ColorPresets.swift */,
				38B1A0012F01000100000051 /* ColorSystem.swift */,
				38FA2CE02F25B67300912E02 /* CustomColor.swift */,
				38B1A0012F01000100000021 /* HistoryRecord.swift */,
				38B1A0012F01000100000019 /* SwiftDataModels.swift */,
				38B1A0012F01000100000047 /* SwiftDataMigration.swift */,
			);
			path = Models;
			sourceTree = "<group>";
		};
		A01234560034 /* Managers */ = {
			isa = PBXGroup;
			children = (
				386ECBFB2F332DB600BD92E8 /* BackupManager.swift */,
				386ECBF92F332DB600BD92E8 /* AnnouncementManager.swift */,
				CC510001A0050002DEADBEEF /* ColorSimilarityService.swift */,
				DE0D1C03A0050002DEADBEEF /* DeductionResolver.swift */,
				38FA2CF62F274C4000912E02 /* SharedImageManager.swift */,
				A01234560015 /* InventoryManager.swift */,
				A01234560016 /* OCRManager.swift */,
				A0123456001C /* AIService.swift */,
				39AA00022F5000010099AA01 /* AppLogger.swift */,
				39AA00042F5000010099AA01 /* AppBackgroundTaskManager.swift */,
				38B1A0012F01000100000049 /* CSVImporter.swift */,
				38B1A0012F01000100000013 /* DataMigration.swift */,
				38B1A0012F01000100000022 /* HistoryManager.swift */,
			);
			path = Managers;
			sourceTree = "<group>";
		};
		A01234560035 /* Views */ = {
			isa = PBXGroup;
			children = (
				6B1D5F8205D74655AB3DB19B /* HelpCenter */,
				386ECBFD2F332E1500BD92E8 /* BackupRestoreView.swift */,
				38B1A0012F01000100000020 /* Components */,
				38B1A0012F01000100000017 /* AboutView.swift */,
				38B1A0012F01000100000043 /* AddBrandView.swift */,
				38FA2CE22F25B67400912E02 /* CalendarView.swift */,
				3806E5052F00F94200187AA7 /* AddInventoryView.swift */,
				38B1A0012F01000100000018 /* AppIconView.swift */,
				38B1A0012F01000100000015 /* BrandManagerView.swift */,
				38B1A0012F01000100000016 /* BrandSettingsView.swift */,
				38B1A0012F01000100000045 /* ColorSelectionView.swift */,
				38B1A0012F01000100000023 /* HistoryView.swift */,
				38B1A0012F01000100000031 /* HiddenColorsManageView.swift */,
				38B1A0012F0100010000004B /* ImportStockView.swift */,
				A01234560017 /* InventoryView.swift */,
				38B1A0012F0100010000001C /* MoreView.swift */,
				38FA2CDB2F25B67200912E02 /* CustomColorEditView.swift */,
				38FA2CDC2F25B67200912E02 /* CustomColorsView.swift */,
				38FA2CD92F2482A300912E02 /* ImportFullDataView.swift */,
				38B1A0012F0100010000001B /* PlannedProjectsView.swift */,
				38B1A0012F0100010000001A /* ProjectDetailView.swift */,
				A01234560018 /* ScanView.swift */,
				A01234560019 /* ColorConverterView.swift */,
				A0123456001A /* StatisticsView.swift */,
				A0123456001B /* SettingsView.swift */,
				38FA2CE42F26A00000912E02 /* ShippingView.swift */,
				6EC4A1187CBB489B83C6E6559E6BABBB /* LowStockDetailView.swift */,
			);
			path = Views;
			sourceTree = "<group>";
		};

		6B1D5F8205D74655AB3DB19B /* HelpCenter */ = {
			isa = PBXGroup;
			children = (
				C5573A291D954C97BD8955A5 /* HelpCenterView.swift */,
				4CC5DB3B1DAD44CD8E0D1717 /* TutorialDetailView.swift */,
				101C8A44E38F4E17BB2A00F3 /* FAQView.swift */,
				EF254CDDEE254F02A6DD1202 /* TutorialContent.swift */,
				244719AA237A40FF87FA38A4 /* AppTips.swift */,
			);
			path = HelpCenter;
			sourceTree = "<group>";
		};
/* End PBXGroup section */

/* Begin PBXNativeTarget section */
		38FA2CE22F274B2900912E02 /* ShareExtension */ = {
			isa = PBXNativeTarget;
			buildConfigurationList = 38FA2CF22F274B2900912E02 /* Build configuration list for PBXNativeTarget "ShareExtension" */;
			buildPhases = (
				38FA2CDF2F274B2900912E02 /* Sources */,
				38FA2CE02F274B2900912E02 /* Frameworks */,
				38FA2CE12F274B2900912E02 /* Resources */,
			);
			buildRules = (
			);
			dependencies = (
			);
			fileSystemSynchronizedGroups = (
				38FA2CE42F274B2900912E02 /* ShareExtension */,
			);
			name = ShareExtension;
			packageProductDependencies = (
			);
			productName = ShareExtension;
			productReference = 38FA2CE32F274B2900912E02 /* ShareExtension.appex */;
			productType = "com.apple.product-type.app-extension";
		};
		A01234560040 /* BeadInventory */ = {
			isa = PBXNativeTarget;
			buildConfigurationList = A01234560050 /* Build configuration list for PBXNativeTarget "BeadInventory" */;
			buildPhases = (
				A01234560041 /* Sources */,
				A01234560020 /* Frameworks */,
				A01234560042 /* Resources */,
				38FA2CEE2F274B2900912E02 /* Embed Foundation Extensions */,
			);
			buildRules = (
			);
			dependencies = (
				38FA2CEC2F274B2900912E02 /* PBXTargetDependency */,
			);
			name = BeadInventory;
			packageProductDependencies = (
				D10000000000000000000021 /* MLXLMCommon */,
				D10000000000000000000022 /* MLXVLM */,
				D10000000000000000000023 /* Hub */,
			);
			productName = BeadInventory;
			productReference = A01234560010 /* BeadInventory.app */;
			productType = "com.apple.product-type.application";
		};
/* End PBXNativeTarget section */

/* Begin PBXProject section */
		A01234560060 /* Project object */ = {
			isa = PBXProject;
			attributes = {
				BuildIndependentTargetsInParallel = 1;
				LastSwiftUpdateCheck = 2620;
				LastUpgradeCheck = 2620;
				TargetAttributes = {
					38FA2CE22F274B2900912E02 = {
						CreatedOnToolsVersion = 26.2;
					};
					A01234560040 = {
						CreatedOnToolsVersion = 15.0;
					};
				};
			};
			buildConfigurationList = A01234560070 /* Build configuration list for PBXProject "BeadInventory" */;
			compatibilityVersion = "Xcode 14.0";
			developmentRegion = "zh-Hans";
			hasScannedForEncodings = 0;
			knownRegions = (
				en,
				Base,
				"zh-Hans",
			);
			mainGroup = A01234560030;
			packageReferences = (
				D10000000000000000000011 /* XCRemoteSwiftPackageReference "mlx-swift-lm" */,
				D10000000000000000000012 /* XCRemoteSwiftPackageReference "swift-transformers" */,
			);
			productRefGroup = A01234560032 /* Products */;
			projectDirPath = "";
			projectRoot = "";
			targets = (
				A01234560040 /* BeadInventory */,
				38FA2CE22F274B2900912E02 /* ShareExtension */,
			);
		};
/* End PBXProject section */

/* Begin XCRemoteSwiftPackageReference section */
		D10000000000000000000011 /* XCRemoteSwiftPackageReference "mlx-swift-lm" */ = {
			isa = XCRemoteSwiftPackageReference;
			repositoryURL = "https://github.com/ml-explore/mlx-swift-lm";
			requirement = {
				kind = revision;
				revision = 6bb84aac13f76ca5e2c3ff312bc072977e684ff4;
			};
		};
		D10000000000000000000012 /* XCRemoteSwiftPackageReference "swift-transformers" */ = {
			isa = XCRemoteSwiftPackageReference;
			repositoryURL = "https://github.com/huggingface/swift-transformers";
			requirement = {
				kind = upToNextMinorVersion;
				minimumVersion = 1.1.3;
			};
		};
/* End XCRemoteSwiftPackageReference section */

/* Begin XCSwiftPackageProductDependency section */
		D10000000000000000000021 /* MLXLMCommon */ = {
			isa = XCSwiftPackageProductDependency;
			package = D10000000000000000000011 /* XCRemoteSwiftPackageReference "mlx-swift-lm" */;
			productName = MLXLMCommon;
		};
		D10000000000000000000022 /* MLXVLM */ = {
			isa = XCSwiftPackageProductDependency;
			package = D10000000000000000000011 /* XCRemoteSwiftPackageReference "mlx-swift-lm" */;
			productName = MLXVLM;
		};
		D10000000000000000000023 /* Hub */ = {
			isa = XCSwiftPackageProductDependency;
			package = D10000000000000000000012 /* XCRemoteSwiftPackageReference "swift-transformers" */;
			productName = Hub;
		};
/* End XCSwiftPackageProductDependency section */

/* Begin PBXResourcesBuildPhase section */
		38FA2CE12F274B2900912E02 /* Resources */ = {
			isa = PBXResourcesBuildPhase;
			buildActionMask = 2147483647;
			files = (
			);
			runOnlyForDeploymentPostprocessing = 0;
		};
		A01234560042 /* Resources */ = {
			isa = PBXResourcesBuildPhase;
			buildActionMask = 2147483647;
			files = (
				A01234560003 /* Assets.xcassets in Resources */,
				38B1A0012F01000100000053 /* colorwithkaka.csv in Resources */,
				38B1A0012F01000100000055 /* allcolors.json in Resources */,
				38B1A0012F01000100000061 /* Localizable.xcstrings in Resources */,
				3806E50E2F00FB4300187AA7 /* InfoPlist.strings in Resources */,
				3806E50A2F00FB3900187AA7 /* InfoPlist.strings in Resources */,
			);
			runOnlyForDeploymentPostprocessing = 0;
		};
/* End PBXResourcesBuildPhase section */

/* Begin PBXSourcesBuildPhase section */
		38FA2CDF2F274B2900912E02 /* Sources */ = {
			isa = PBXSourcesBuildPhase;
			buildActionMask = 2147483647;
			files = (
			);
			runOnlyForDeploymentPostprocessing = 0;
		};
		A01234560041 /* Sources */ = {
			isa = PBXSourcesBuildPhase;
			buildActionMask = 2147483647;
			files = (
				A1BA6000BAA242C797A1967F /* HelpCenterView.swift in Sources */,
				4E228907D2F847A9AC5C12D1 /* TutorialDetailView.swift in Sources */,
				BACDA9EDBD274C6A9923F797 /* FAQView.swift in Sources */,
				3392EC89359E462CBEC9ED32 /* TutorialContent.swift in Sources */,
				D4FCE1C30D304A57B50A43F1 /* AppTips.swift in Sources */,
				937EF9B644E743C2A9AC8A78 /* EmptyStateView.swift in Sources */,
				A01234560001 /* BeadInventoryApp.swift in Sources */,
				A01234560002 /* ContentView.swift in Sources */,
				A01234560004 /* BeadColor.swift in Sources */,
				DE0D1C01A0050001DEADBEEF /* DeductionItem.swift in Sources */,
				38B1A0012F01000100000001 /* Brand.swift in Sources */,
				38B1A0012F01000100000002 /* BrandStock.swift in Sources */,
				3806E5062F00F94200187AA7 /* AddInventoryView.swift in Sources */,
				A01234560005 /* InventoryManager.swift in Sources */,
				39AA00012F5000010099AA01 /* AppLogger.swift in Sources */,
				39AA00032F5000010099AA01 /* AppBackgroundTaskManager.swift in Sources */,
				A01234560006 /* OCRManager.swift in Sources */,
				A0123456000C /* AIService.swift in Sources */,
				38B1A0012F01000100000003 /* DataMigration.swift in Sources */,
				386ECBFE2F332E1500BD92E8 /* BackupRestoreView.swift in Sources */,
				A01234560007 /* InventoryView.swift in Sources */,
				A01234560008 /* ScanView.swift in Sources */,
				A01234560009 /* ColorConverterView.swift in Sources */,
				A0123456000A /* StatisticsView.swift in Sources */,
				38FA2CDA2F2482A300912E02 /* ImportFullDataView.swift in Sources */,
				A0123456000B /* SettingsView.swift in Sources */,
				38B1A0012F01000100000004 /* BrandPicker.swift in Sources */,
				38B1A0012F01000100000005 /* BrandManagerView.swift in Sources */,
				38B1A0012F01000100000006 /* BrandSettingsView.swift in Sources */,
				38B1A0012F01000100000007 /* AboutView.swift in Sources */,
				38B1A0012F01000100000008 /* AppIconView.swift in Sources */,
				38B1A0012F01000100000009 /* SwiftDataModels.swift in Sources */,
				38B1A0012F0100010000000A /* ProjectDetailView.swift in Sources */,
				38B1A0012F0100010000000B /* PlannedProjectsView.swift in Sources */,
				38B1A0012F0100010000000C /* MoreView.swift in Sources */,
				38B1A0012F0100010000000D /* HistoryRecord.swift in Sources */,
				38B1A0012F0100010000000E /* HistoryManager.swift in Sources */,
				38B1A0012F0100010000000F /* HistoryView.swift in Sources */,
				38B1A0012F01000100000030 /* HiddenColorsManageView.swift in Sources */,
				38B1A0012F01000100000040 /* ColorPresets.swift in Sources */,
				38B1A0012F01000100000042 /* AddBrandView.swift in Sources */,
				38B1A0012F01000100000044 /* ColorSelectionView.swift in Sources */,
				38FA2CDD2F25B67200912E02 /* CustomColorEditView.swift in Sources */,
				38FA2CDE2F25B67200912E02 /* CustomColorsView.swift in Sources */,
				38FA2CDF2F25B67300912E02 /* CustomColor.swift in Sources */,
				38FA2CE12F25B67400912E02 /* CalendarView.swift in Sources */,
				38B1A0012F01000100000046 /* SwiftDataMigration.swift in Sources */,
				38B1A0012F01000100000050 /* ColorSystem.swift in Sources */,
				386ECBFC2F332DB600BD92E8 /* BackupManager.swift in Sources */,
				386ECBFA2F332DB600BD92E8 /* AnnouncementManager.swift in Sources */,
				38B1A0012F01000100000048 /* CSVImporter.swift in Sources */,
				38FA2CF72F274C4000912E02 /* SharedImageManager.swift in Sources */,
				CC510001A0050001DEADBEEF /* ColorSimilarityService.swift in Sources */,
				DE0D1C03A0050001DEADBEEF /* DeductionResolver.swift in Sources */,
				DD0A1B01A0060001DEADBEEF /* DeductionItemRow.swift in Sources */,
				EE0B2C01A0070001DEADBEEF /* SimilarColorSheet.swift in Sources */,
				38B1A0012F0100010000004A /* ImportStockView.swift in Sources */,
				38FA2CE32F26A00000912E02 /* ShippingView.swift in Sources */,
				6EC4A1187CBB489B83C6E6559E6BABBA /* LowStockDetailView.swift in Sources */,
			);
			runOnlyForDeploymentPostprocessing = 0;
		};
/* End PBXSourcesBuildPhase section */

/* Begin PBXTargetDependency section */
		38FA2CEC2F274B2900912E02 /* PBXTargetDependency */ = {
			isa = PBXTargetDependency;
			target = 38FA2CE22F274B2900912E02 /* ShareExtension */;
			targetProxy = 38FA2CEB2F274B2900912E02 /* PBXContainerItemProxy */;
		};
/* End PBXTargetDependency section */

/* Begin PBXVariantGroup section */
		3806E5082F00FB3900187AA7 /* InfoPlist.strings */ = {
			isa = PBXVariantGroup;
			children = (
				3806E5072F00FB3900187AA7 /* zh-Hans */,
			);
			name = InfoPlist.strings;
			sourceTree = "<group>";
		};
		3806E50C2F00FB4300187AA7 /* InfoPlist.strings */ = {
			isa = PBXVariantGroup;
			children = (
				3806E50B2F00FB4300187AA7 /* en */,
			);
			name = InfoPlist.strings;
			sourceTree = "<group>";
		};
/* End PBXVariantGroup section */

/* Begin XCBuildConfiguration section */
		38FA2CEF2F274B2900912E02 /* Debug */ = {
			isa = XCBuildConfiguration;
			buildSettings = {
				CODE_SIGN_ENTITLEMENTS = ShareExtension/ShareExtension.entitlements;
				CODE_SIGN_STYLE = Automatic;
				CURRENT_PROJECT_VERSION = 1;
				DEVELOPMENT_TEAM = S4BS47942Q;
				GENERATE_INFOPLIST_FILE = YES;
				INFOPLIST_FILE = ShareExtension/Info.plist;
				INFOPLIST_KEY_CFBundleDisplayName = ShareExtension;
				INFOPLIST_KEY_NSHumanReadableCopyright = "";
				IPHONEOS_DEPLOYMENT_TARGET = 17.0;
				LD_RUNPATH_SEARCH_PATHS = (
					"$(inherited)",
					"@executable_path/Frameworks",
					"@executable_path/../../Frameworks",
				);
				MARKETING_VERSION = 1.7.2;
				PRODUCT_BUNDLE_IDENTIFIER = com.beadinventory.app.ShareExtension;
				PRODUCT_NAME = "$(TARGET_NAME)";
				SKIP_INSTALL = YES;
				STRING_CATALOG_GENERATE_SYMBOLS = YES;
				SWIFT_APPROACHABLE_CONCURRENCY = YES;
				SWIFT_EMIT_LOC_STRINGS = YES;
				SWIFT_UPCOMING_FEATURE_MEMBER_IMPORT_VISIBILITY = YES;
				SWIFT_VERSION = 5.0;
				TARGETED_DEVICE_FAMILY = "1,2";
			};
			name = Debug;
		};
		38FA2CF02F274B2900912E02 /* Release */ = {
			isa = XCBuildConfiguration;
			buildSettings = {
				CODE_SIGN_ENTITLEMENTS = ShareExtension/ShareExtension.entitlements;
				CODE_SIGN_STYLE = Automatic;
				CURRENT_PROJECT_VERSION = 1;
				DEVELOPMENT_TEAM = S4BS47942Q;
				GENERATE_INFOPLIST_FILE = YES;
				INFOPLIST_FILE = ShareExtension/Info.plist;
				INFOPLIST_KEY_CFBundleDisplayName = ShareExtension;
				INFOPLIST_KEY_NSHumanReadableCopyright = "";
				IPHONEOS_DEPLOYMENT_TARGET = 17.0;
				LD_RUNPATH_SEARCH_PATHS = (
					"$(inherited)",
					"@executable_path/Frameworks",
					"@executable_path/../../Frameworks",
				);
				MARKETING_VERSION = 1.7.2;
				PRODUCT_BUNDLE_IDENTIFIER = com.beadinventory.app.ShareExtension;
				PRODUCT_NAME = "$(TARGET_NAME)";
				SKIP_INSTALL = YES;
				STRING_CATALOG_GENERATE_SYMBOLS = YES;
				SWIFT_APPROACHABLE_CONCURRENCY = YES;
				SWIFT_EMIT_LOC_STRINGS = YES;
				SWIFT_UPCOMING_FEATURE_MEMBER_IMPORT_VISIBILITY = YES;
				SWIFT_VERSION = 5.0;
				TARGETED_DEVICE_FAMILY = "1,2";
			};
			name = Release;
		};
		A01234560080 /* Debug */ = {
			isa = XCBuildConfiguration;
			buildSettings = {
				ALWAYS_SEARCH_USER_PATHS = NO;
				ASSETCATALOG_COMPILER_GENERATE_SWIFT_ASSET_SYMBOL_EXTENSIONS = YES;
				CLANG_ANALYZER_NONNULL = YES;
				CLANG_ANALYZER_NUMBER_OBJECT_CONVERSION = YES_AGGRESSIVE;
				CLANG_CXX_LANGUAGE_STANDARD = "gnu++20";
				CLANG_ENABLE_MODULES = YES;
				CLANG_ENABLE_OBJC_ARC = YES;
				CLANG_ENABLE_OBJC_WEAK = YES;
				CLANG_WARN_BLOCK_CAPTURE_AUTORELEASING = YES;
				CLANG_WARN_BOOL_CONVERSION = YES;
				CLANG_WARN_COMMA = YES;
				CLANG_WARN_CONSTANT_CONVERSION = YES;
				CLANG_WARN_DEPRECATED_OBJC_IMPLEMENTATIONS = YES;
				CLANG_WARN_DIRECT_OBJC_ISA_USAGE = YES_ERROR;
				CLANG_WARN_DOCUMENTATION_COMMENTS = YES;
				CLANG_WARN_EMPTY_BODY = YES;
				CLANG_WARN_ENUM_CONVERSION = YES;
				CLANG_WARN_INFINITE_RECURSION = YES;
				CLANG_WARN_INT_CONVERSION = YES;
				CLANG_WARN_NON_LITERAL_NULL_CONVERSION = YES;
				CLANG_WARN_OBJC_IMPLICIT_RETAIN_SELF = YES;
				CLANG_WARN_OBJC_LITERAL_CONVERSION = YES;
				CLANG_WARN_OBJC_ROOT_CLASS = YES_ERROR;
				CLANG_WARN_QUOTED_INCLUDE_IN_FRAMEWORK_HEADER = YES;
				CLANG_WARN_RANGE_LOOP_ANALYSIS = YES;
				CLANG_WARN_STRICT_PROTOTYPES = YES;
				CLANG_WARN_SUSPICIOUS_MOVE = YES;
				CLANG_WARN_UNGUARDED_AVAILABILITY = YES_AGGRESSIVE;
				CLANG_WARN_UNREACHABLE_CODE = YES;
				CLANG_WARN__DUPLICATE_METHOD_MATCH = YES;
				COPY_PHASE_STRIP = NO;
				DEBUG_INFORMATION_FORMAT = dwarf;
				ENABLE_STRICT_OBJC_MSGSEND = YES;
				ENABLE_TESTABILITY = YES;
				ENABLE_USER_SCRIPT_SANDBOXING = YES;
				GCC_C_LANGUAGE_STANDARD = gnu17;
				GCC_DYNAMIC_NO_PIC = NO;
				GCC_NO_COMMON_BLOCKS = YES;
				GCC_OPTIMIZATION_LEVEL = 0;
				GCC_PREPROCESSOR_DEFINITIONS = (
					"DEBUG=1",
					"$(inherited)",
				);
				GCC_WARN_64_TO_32_BIT_CONVERSION = YES;
				GCC_WARN_ABOUT_RETURN_TYPE = YES_ERROR;
				GCC_WARN_UNDECLARED_SELECTOR = YES;
				GCC_WARN_UNINITIALIZED_AUTOS = YES_AGGRESSIVE;
				GCC_WARN_UNUSED_FUNCTION = YES;
				GCC_WARN_UNUSED_VARIABLE = YES;
				IPHONEOS_DEPLOYMENT_TARGET = 17.0;
				LOCALIZATION_PREFERS_STRING_CATALOGS = YES;
				MTL_ENABLE_DEBUG_INFO = INCLUDE_SOURCE;
				MTL_FAST_MATH = YES;
				ONLY_ACTIVE_ARCH = YES;
				SDKROOT = iphoneos;
				SWIFT_ACTIVE_COMPILATION_CONDITIONS = "DEBUG $(inherited)";
				SWIFT_OPTIMIZATION_LEVEL = "-Onone";
			};
			name = Debug;
		};
		A01234560081 /* Release */ = {
			isa = XCBuildConfiguration;
			buildSettings = {
				ALWAYS_SEARCH_USER_PATHS = NO;
				ASSETCATALOG_COMPILER_GENERATE_SWIFT_ASSET_SYMBOL_EXTENSIONS = YES;
				CLANG_ANALYZER_NONNULL = YES;
				CLANG_ANALYZER_NUMBER_OBJECT_CONVERSION = YES_AGGRESSIVE;
				CLANG_CXX_LANGUAGE_STANDARD = "gnu++20";
				CLANG_ENABLE_MODULES = YES;
				CLANG_ENABLE_OBJC_ARC = YES;
				CLANG_ENABLE_OBJC_WEAK = YES;
				CLANG_WARN_BLOCK_CAPTURE_AUTORELEASING = YES;
				CLANG_WARN_BOOL_CONVERSION = YES;
				CLANG_WARN_COMMA = YES;
				CLANG_WARN_CONSTANT_CONVERSION = YES;
				CLANG_WARN_DEPRECATED_OBJC_IMPLEMENTATIONS = YES;
				CLANG_WARN_DIRECT_OBJC_ISA_USAGE = YES_ERROR;
				CLANG_WARN_DOCUMENTATION_COMMENTS = YES;
				CLANG_WARN_EMPTY_BODY = YES;
				CLANG_WARN_ENUM_CONVERSION = YES;
				CLANG_WARN_INFINITE_RECURSION = YES;
				CLANG_WARN_INT_CONVERSION = YES;
				CLANG_WARN_NON_LITERAL_NULL_CONVERSION = YES;
				CLANG_WARN_OBJC_IMPLICIT_RETAIN_SELF = YES;
				CLANG_WARN_OBJC_LITERAL_CONVERSION = YES;
				CLANG_WARN_OBJC_ROOT_CLASS = YES_ERROR;
				CLANG_WARN_QUOTED_INCLUDE_IN_FRAMEWORK_HEADER = YES;
				CLANG_WARN_RANGE_LOOP_ANALYSIS = YES;
				CLANG_WARN_STRICT_PROTOTYPES = YES;
				CLANG_WARN_SUSPICIOUS_MOVE = YES;
				CLANG_WARN_UNGUARDED_AVAILABILITY = YES_AGGRESSIVE;
				CLANG_WARN_UNREACHABLE_CODE = YES;
				CLANG_WARN__DUPLICATE_METHOD_MATCH = YES;
				COPY_PHASE_STRIP = NO;
				DEBUG_INFORMATION_FORMAT = "dwarf-with-dsym";
				ENABLE_NS_ASSERTIONS = NO;
				ENABLE_STRICT_OBJC_MSGSEND = YES;
				ENABLE_USER_SCRIPT_SANDBOXING = YES;
				GCC_C_LANGUAGE_STANDARD = gnu17;
				GCC_NO_COMMON_BLOCKS = YES;
				GCC_WARN_64_TO_32_BIT_CONVERSION = YES;
				GCC_WARN_ABOUT_RETURN_TYPE = YES_ERROR;
				GCC_WARN_UNDECLARED_SELECTOR = YES;
				GCC_WARN_UNINITIALIZED_AUTOS = YES_AGGRESSIVE;
				GCC_WARN_UNUSED_FUNCTION = YES;
				GCC_WARN_UNUSED_VARIABLE = YES;
				IPHONEOS_DEPLOYMENT_TARGET = 17.0;
				LOCALIZATION_PREFERS_STRING_CATALOGS = YES;
				MTL_ENABLE_DEBUG_INFO = NO;
				MTL_FAST_MATH = YES;
				SDKROOT = iphoneos;
				SWIFT_COMPILATION_MODE = wholemodule;
				VALIDATE_PRODUCT = YES;
			};
			name = Release;
		};
		A01234560082 /* Debug */ = {
			isa = XCBuildConfiguration;
			buildSettings = {
				ASSETCATALOG_COMPILER_APPICON_NAME = AppIcon;
				ASSETCATALOG_COMPILER_GLOBAL_ACCENT_COLOR_NAME = AccentColor;
				CODE_SIGN_ENTITLEMENTS = BeadInventory/BeadInventory.entitlements;
				CODE_SIGN_STYLE = Automatic;
				CURRENT_PROJECT_VERSION = 1;
				DEVELOPMENT_TEAM = S4BS47942Q;
				ENABLE_PREVIEWS = YES;
				GENERATE_INFOPLIST_FILE = YES;
				INFOPLIST_FILE = BeadInventory/Info.plist;
				INFOPLIST_KEY_ITSAppUsesNonExemptEncryption = NO;
				INFOPLIST_KEY_NSCameraUsageDescription = "需要访问相机来拍摄色号表格图片";
				INFOPLIST_KEY_NSPhotoLibraryUsageDescription = "需要访问相册来选择色号表格图片";
				INFOPLIST_KEY_UIApplicationSceneManifest_Generation = YES;
				INFOPLIST_KEY_UIApplicationSupportsIndirectInputEvents = YES;
				INFOPLIST_KEY_UILaunchScreen_Generation = YES;
				INFOPLIST_KEY_UISupportedInterfaceOrientations_iPad = "UIInterfaceOrientationPortrait UIInterfaceOrientationPortraitUpsideDown UIInterfaceOrientationLandscapeLeft UIInterfaceOrientationLandscapeRight";
				INFOPLIST_KEY_UISupportedInterfaceOrientations_iPhone = "UIInterfaceOrientationPortrait UIInterfaceOrientationLandscapeLeft UIInterfaceOrientationLandscapeRight";
				IPHONEOS_DEPLOYMENT_TARGET = 17.0;
				LD_RUNPATH_SEARCH_PATHS = (
					"$(inherited)",
					"@executable_path/Frameworks",
				);
				MARKETING_VERSION = 1.7.2;
				PRODUCT_BUNDLE_IDENTIFIER = com.beadinventory.app;
				PRODUCT_NAME = "$(TARGET_NAME)";
				SWIFT_EMIT_LOC_STRINGS = YES;
				SWIFT_VERSION = 5.0;
				TARGETED_DEVICE_FAMILY = "1,2";
			};
			name = Debug;
		};
		A01234560083 /* Release */ = {
			isa = XCBuildConfiguration;
			buildSettings = {
				ASSETCATALOG_COMPILER_APPICON_NAME = AppIcon;
				ASSETCATALOG_COMPILER_GLOBAL_ACCENT_COLOR_NAME = AccentColor;
				CODE_SIGN_ENTITLEMENTS = BeadInventory/BeadInventory.entitlements;
				CODE_SIGN_STYLE = Automatic;
				CURRENT_PROJECT_VERSION = 1;
				DEVELOPMENT_TEAM = S4BS47942Q;
				ENABLE_PREVIEWS = YES;
				GENERATE_INFOPLIST_FILE = YES;
				INFOPLIST_FILE = BeadInventory/Info.plist;
				INFOPLIST_KEY_ITSAppUsesNonExemptEncryption = NO;
				INFOPLIST_KEY_NSCameraUsageDescription = "需要访问相机来拍摄色号表格图片";
				INFOPLIST_KEY_NSPhotoLibraryUsageDescription = "需要访问相册来选择色号表格图片";
				INFOPLIST_KEY_UIApplicationSceneManifest_Generation = YES;
				INFOPLIST_KEY_UIApplicationSupportsIndirectInputEvents = YES;
				INFOPLIST_KEY_UILaunchScreen_Generation = YES;
				INFOPLIST_KEY_UISupportedInterfaceOrientations_iPad = "UIInterfaceOrientationPortrait UIInterfaceOrientationPortraitUpsideDown UIInterfaceOrientationLandscapeLeft UIInterfaceOrientationLandscapeRight";
				INFOPLIST_KEY_UISupportedInterfaceOrientations_iPhone = "UIInterfaceOrientationPortrait UIInterfaceOrientationLandscapeLeft UIInterfaceOrientationLandscapeRight";
				IPHONEOS_DEPLOYMENT_TARGET = 17.0;
				LD_RUNPATH_SEARCH_PATHS = (
					"$(inherited)",
					"@executable_path/Frameworks",
				);
				MARKETING_VERSION = 1.7.2;
				PRODUCT_BUNDLE_IDENTIFIER = com.beadinventory.app;
				PRODUCT_NAME = "$(TARGET_NAME)";
				SWIFT_EMIT_LOC_STRINGS = YES;
				SWIFT_VERSION = 5.0;
				TARGETED_DEVICE_FAMILY = "1,2";
			};
			name = Release;
		};
/* End XCBuildConfiguration section */

/* Begin XCConfigurationList section */
		38FA2CF22F274B2900912E02 /* Build configuration list for PBXNativeTarget "ShareExtension" */ = {
			isa = XCConfigurationList;
			buildConfigurations = (
				38FA2CEF2F274B2900912E02 /* Debug */,
				38FA2CF02F274B2900912E02 /* Release */,
			);
			defaultConfigurationIsVisible = 0;
			defaultConfigurationName = Release;
		};
		A01234560050 /* Build configuration list for PBXNativeTarget "BeadInventory" */ = {
			isa = XCConfigurationList;
			buildConfigurations = (
				A01234560082 /* Debug */,
				A01234560083 /* Release */,
			);
			defaultConfigurationIsVisible = 0;
			defaultConfigurationName = Release;
		};
		A01234560070 /* Build configuration list for PBXProject "BeadInventory" */ = {
			isa = XCConfigurationList;
			buildConfigurations = (
				A01234560080 /* Debug */,
				A01234560081 /* Release */,
			);
			defaultConfigurationIsVisible = 0;
			defaultConfigurationName = Release;
		};
/* End XCConfigurationList section */
	};
	rootObject = A01234560060 /* Project object */;
}
